
Microsoft Visual Studio Solution File, Format Version 12.00
# Visual Studio Version 17
VisualStudioVersion = 17.8.34316.72
MinimumVisualStudioVersion = 10.0.40219.1
Project("{FAE04EC0-301F-11D3-BF4B-00C04F79EFBC}") = "CandleStick.Server", "CandleStick.Server\CandleStick.Server.csproj", "{928E29CF-EA08-4677-9495-89AFB43391FE}"
EndProject
Project("{54A90642-561A-4BB1-A94E-469ADEE60C69}") = "candlestick.client", "candlestick.client\candlestick.client.esproj", "{38EA51D3-4304-4EBA-A9CB-F7A644043A09}"
EndProject
Project("{9A19103F-16F7-4668-BE54-9A1E7A4F7556}") = "CandleStick.Infrastructure", "CandleStick.Infrastructure\CandleStick.Infrastructure.csproj", "{B39DDA87-7F52-43F9-985A-90D7ACA963E1}"
EndProject
Global
	GlobalSection(SolutionConfigurationPlatforms) = preSolution
		Debug|Any CPU = Debug|Any CPU
		Release|Any CPU = Release|Any CPU
	EndGlobalSection
	GlobalSection(ProjectConfigurationPlatforms) = postSolution
		{928E29CF-EA08-4677-9495-89AFB43391FE}.Debug|Any CPU.ActiveCfg = Debug|Any CPU
		{928E29CF-EA08-4677-9495-89AFB43391FE}.Debug|Any CPU.Build.0 = Debug|Any CPU
		{928E29CF-EA08-4677-9495-89AFB43391FE}.Release|Any CPU.ActiveCfg = Release|Any CPU
		{928E29CF-EA08-4677-9495-89AFB43391FE}.Release|Any CPU.Build.0 = Release|Any CPU
		{38EA51D3-4304-4EBA-A9CB-F7A644043A09}.Debug|Any CPU.ActiveCfg = Debug|Any CPU
		{38EA51D3-4304-4EBA-A9CB-F7A644043A09}.Debug|Any CPU.Build.0 = Debug|Any CPU
		{38EA51D3-4304-4EBA-A9CB-F7A644043A09}.Debug|Any CPU.Deploy.0 = Debug|Any CPU
		{38EA51D3-4304-4EBA-A9CB-F7A644043A09}.Release|Any CPU.ActiveCfg = Release|Any CPU
		{38EA51D3-4304-4EBA-A9CB-F7A644043A09}.Release|Any CPU.Build.0 = Release|Any CPU
		{38EA51D3-4304-4EBA-A9CB-F7A644043A09}.Release|Any CPU.Deploy.0 = Release|Any CPU
		{B39DDA87-7F52-43F9-985A-90D7ACA963E1}.Debug|Any CPU.ActiveCfg = Debug|Any CPU
		{B39DDA87-7F52-43F9-985A-90D7ACA963E1}.Debug|Any CPU.Build.0 = Debug|Any CPU
		{B39DDA87-7F52-43F9-985A-90D7ACA963E1}.Release|Any CPU.ActiveCfg = Release|Any CPU
		{B39DDA87-7F52-43F9-985A-90D7ACA963E1}.Release|Any CPU.Build.0 = Release|Any CPU
	EndGlobalSection
	GlobalSection(SolutionProperties) = preSolution
		HideSolutionNode = FALSE
	EndGlobalSection
	GlobalSection(ExtensibilityGlobals) = postSolution
		SolutionGuid = {D372AC16-766A-480C-81BD-CE447C2419F8}
	EndGlobalSection
EndGlobal
